
Microsoft Visual Studio Solution File, Format Version 12.00
# Visual Studio Version 16
VisualStudioVersion = 16.0.810.25
MinimumVisualStudioVersion = 10.0.40219.1
Project("{FAE04EC0-301F-11D3-BF4B-00C04F79EFBC}") = "Pizzeria.Core", "Pizzeria.Core\Pizzeria.Core.csproj", "{E7E34281-2648-4DEE-9FD6-23A4C69E0BA4}"
EndProject
Project("{FAE04EC0-301F-11D3-BF4B-00C04F79EFBC}") = "Pizzeria.Services", "Pizzeria.Services\Pizzeria.Services.csproj", "{DE173842-C515-4406-A023-64C1251479EF}"
EndProject
Project("{FAE04EC0-301F-11D3-BF4B-00C04F79EFBC}") = "Repositories", "Repositories\Repositories.csproj", "{C70D29C7-9A07-4E8A-94DB-7F739AE11287}"
EndProject
Project("{FAE04EC0-301F-11D3-BF4B-00C04F79EFBC}") = "Pizzeria.Tests", "Pizzeria.Tests\Pizzeria.Tests.csproj", "{49686AF1-0FB2-4877-B31A-2A90A30EA60C}"
EndProject
Project("{2150E333-8FDC-42A3-9474-1A3956D46DE8}") = "Solution Items", "Solution Items", "{379EDC55-A043-4C6B-B276-D45CFBE34769}"
	ProjectSection(SolutionItems) = preProject
		.gitignore = .gitignore
	EndProjectSection
EndProject
Project("{FAE04EC0-301F-11D3-BF4B-00C04F79EFBC}") = "Pizzeria.Web", "Pizzeria.Web\Pizzeria.Web.csproj", "{0AEF21BB-29BE-4625-BAC1-A709962807C1}"
EndProject
Global
	GlobalSection(SolutionConfigurationPlatforms) = preSolution
		Debug|Any CPU = Debug|Any CPU
		Release|Any CPU = Release|Any CPU
	EndGlobalSection
	GlobalSection(ProjectConfigurationPlatforms) = postSolution
		{E7E34281-2648-4DEE-9FD6-23A4C69E0BA4}.Debug|Any CPU.ActiveCfg = Debug|Any CPU
		{E7E34281-2648-4DEE-9FD6-23A4C69E0BA4}.Debug|Any CPU.Build.0 = Debug|Any CPU
		{E7E34281-2648-4DEE-9FD6-23A4C69E0BA4}.Release|Any CPU.ActiveCfg = Release|Any CPU
		{E7E34281-2648-4DEE-9FD6-23A4C69E0BA4}.Release|Any CPU.Build.0 = Release|Any CPU
		{DE173842-C515-4406-A023-64C1251479EF}.Debug|Any CPU.ActiveCfg = Debug|Any CPU
		{DE173842-C515-4406-A023-64C1251479EF}.Debug|Any CPU.Build.0 = Debug|Any CPU
		{DE173842-C515-4406-A023-64C1251479EF}.Release|Any CPU.ActiveCfg = Release|Any CPU
		{DE173842-C515-4406-A023-64C1251479EF}.Release|Any CPU.Build.0 = Release|Any CPU
		{C70D29C7-9A07-4E8A-94DB-7F739AE11287}.Debug|Any CPU.ActiveCfg = Debug|Any CPU
		{C70D29C7-9A07-4E8A-94DB-7F739AE11287}.Debug|Any CPU.Build.0 = Debug|Any CPU
		{C70D29C7-9A07-4E8A-94DB-7F739AE11287}.Release|Any CPU.ActiveCfg = Release|Any CPU
		{C70D29C7-9A07-4E8A-94DB-7F739AE11287}.Release|Any CPU.Build.0 = Release|Any CPU
		{49686AF1-0FB2-4877-B31A-2A90A30EA60C}.Debug|Any CPU.ActiveCfg = Debug|Any CPU
		{49686AF1-0FB2-4877-B31A-2A90A30EA60C}.Debug|Any CPU.Build.0 = Debug|Any CPU
		{49686AF1-0FB2-4877-B31A-2A90A30EA60C}.Release|Any CPU.ActiveCfg = Release|Any CPU
		{49686AF1-0FB2-4877-B31A-2A90A30EA60C}.Release|Any CPU.Build.0 = Release|Any CPU
		{0AEF21BB-29BE-4625-BAC1-A709962807C1}.Debug|Any CPU.ActiveCfg = Debug|Any CPU
		{0AEF21BB-29BE-4625-BAC1-A709962807C1}.Debug|Any CPU.Build.0 = Debug|Any CPU
		{0AEF21BB-29BE-4625-BAC1-A709962807C1}.Release|Any CPU.ActiveCfg = Release|Any CPU
		{0AEF21BB-29BE-4625-BAC1-A709962807C1}.Release|Any CPU.Build.0 = Release|Any CPU
	EndGlobalSection
	GlobalSection(SolutionProperties) = preSolution
		HideSolutionNode = FALSE
	EndGlobalSection
	GlobalSection(ExtensibilityGlobals) = postSolution
		SolutionGuid = {B275FFE3-8E16-4C06-83EE-2CA0F16BC753}
	EndGlobalSection
EndGlobal
